
Microsoft Visual Studio Solution File, Format Version 12.00
# Visual Studio 15
VisualStudioVersion = 15.0.28010.2019
MinimumVisualStudioVersion = 10.0.40219.1
Project("{FAE04EC0-301F-11D3-BF4B-00C04F79EFBC}") = "U8StarterKit.Web", "U8StarterKit.Web\U8StarterKit.Web.csproj", "{C9138B3A-FA1A-4EF4-AFE3-7987DF1F5A36}"
EndProject
Global
	GlobalSection(SolutionConfigurationPlatforms) = preSolution
		Debug|Any CPU = Debug|Any CPU
		Release|Any CPU = Release|Any CPU
	EndGlobalSection
	GlobalSection(ProjectConfigurationPlatforms) = postSolution
		{C9138B3A-FA1A-4EF4-AFE3-7987DF1F5A36}.Debug|Any CPU.ActiveCfg = Debug|Any CPU
		{C9138B3A-FA1A-4EF4-AFE3-7987DF1F5A36}.Debug|Any CPU.Build.0 = Debug|Any CPU
		{C9138B3A-FA1A-4EF4-AFE3-7987DF1F5A36}.Release|Any CPU.ActiveCfg = Release|Any CPU
		{C9138B3A-FA1A-4EF4-AFE3-7987DF1F5A36}.Release|Any CPU.Build.0 = Release|Any CPU
	EndGlobalSection
	GlobalSection(SolutionProperties) = preSolution
		HideSolutionNode = FALSE
	EndGlobalSection
	GlobalSection(ExtensibilityGlobals) = postSolution
		SolutionGuid = {6A405A00-03BA-42FD-B7F6-55E1A9956121}
	EndGlobalSection
EndGlobal
